%{
  "elixir_ale": {:hex, :elixir_ale, "1.2.0", "02afeced3be0019ca959155d69d3087c8c93fd92a534a02eb77b90898867a146", [:make, :mix], [{:elixir_make, "~> 0.4", [hex: :elixir_make, repo: "hexpm", optional: false]}], "hexpm"},
  "elixir_make": {:hex, :elixir_make, "0.4.2", "332c649d08c18bc1ecc73b1befc68c647136de4f340b548844efc796405743bf", [:mix], [], "hexpm"},
  "nerves_leds": {:hex, :nerves_leds, "0.8.0", "193692767dca1a201b09113d242648493b9be0087bab83ebee99c3b0a254f5e1", [:mix], [], "hexpm"},
}
